
Microsoft Visual Studio Solution File, Format Version 12.00
# Visual Studio Version 17
VisualStudioVersion = 17.10.35013.160
MinimumVisualStudioVersion = 10.0.40219.1
Project("{FAE04EC0-301F-11D3-BF4B-00C04F79EFBC}") = "TravelAgencyT", "TravelAgencyT.csproj", "{8B4742F6-B7BF-4CB5-A10E-2D497024C435}"
EndProject
Global
	GlobalSection(SolutionConfigurationPlatforms) = preSolution
		Debug|Any CPU = Debug|Any CPU
		Release|Any CPU = Release|Any CPU
	EndGlobalSection
	GlobalSection(ProjectConfigurationPlatforms) = postSolution
		{8B4742F6-B7BF-4CB5-A10E-2D497024C435}.Debug|Any CPU.ActiveCfg = Debug|Any CPU
		{8B4742F6-B7BF-4CB5-A10E-2D497024C435}.Debug|Any CPU.Build.0 = Debug|Any CPU
		{8B4742F6-B7BF-4CB5-A10E-2D497024C435}.Release|Any CPU.ActiveCfg = Release|Any CPU
		{8B4742F6-B7BF-4CB5-A10E-2D497024C435}.Release|Any CPU.Build.0 = Release|Any CPU
	EndGlobalSection
	GlobalSection(SolutionProperties) = preSolution
		HideSolutionNode = FALSE
	EndGlobalSection
	GlobalSection(ExtensibilityGlobals) = postSolution
		SolutionGuid = {7888E16A-1F5D-44B3-BE66-0F04832EAAD4}
	EndGlobalSection
EndGlobal
